
Microsoft Visual Studio Solution File, Format Version 12.00
# Visual Studio 15
VisualStudioVersion = 15.0.28307.271
MinimumVisualStudioVersion = 10.0.40219.1
Project("{FAE04EC0-301F-11D3-BF4B-00C04F79EFBC}") = "DistanceAndAngleBetweenTwoPoints", "DistanceAndAngleBetweenTwoPoints\DistanceAndAngleBetweenTwoPoints.csproj", "{82733A4A-5889-479C-94E6-E933260FE8C4}"
EndProject
Global
	GlobalSection(SolutionConfigurationPlatforms) = preSolution
		Debug|Any CPU = Debug|Any CPU
		Release|Any CPU = Release|Any CPU
	EndGlobalSection
	GlobalSection(ProjectConfigurationPlatforms) = postSolution
		{82733A4A-5889-479C-94E6-E933260FE8C4}.Debug|Any CPU.ActiveCfg = Debug|Any CPU
		{82733A4A-5889-479C-94E6-E933260FE8C4}.Debug|Any CPU.Build.0 = Debug|Any CPU
		{82733A4A-5889-479C-94E6-E933260FE8C4}.Release|Any CPU.ActiveCfg = Release|Any CPU
		{82733A4A-5889-479C-94E6-E933260FE8C4}.Release|Any CPU.Build.0 = Release|Any CPU
	EndGlobalSection
	GlobalSection(SolutionProperties) = preSolution
		HideSolutionNode = FALSE
	EndGlobalSection
	GlobalSection(ExtensibilityGlobals) = postSolution
		SolutionGuid = {C630FC74-391A-4AAB-AAC0-0F7A38D96A61}
	EndGlobalSection
EndGlobal
